
Microsoft Visual Studio Solution File, Format Version 12.00
# Visual Studio 2013
VisualStudioVersion = 12.0.21005.1
MinimumVisualStudioVersion = 10.0.40219.1
Project("{FAE04EC0-301F-11D3-BF4B-00C04F79EFBC}") = "AnalogClock", "AnalogClock\AnalogClock.csproj", "{1A8633D7-AF48-4006-A3CF-EED7AC938468}"
EndProject
Project("{FAE04EC0-301F-11D3-BF4B-00C04F79EFBC}") = "DrawingDemo", "..\4th sem\visualapplication1\visualapplication1\My Project\DrawingDemo\DrawingDemo\DrawingDemo.csproj", "{A514A9A6-6D3B-4F60-A3A3-1FBF4CFBB811}"
EndProject
Global
	GlobalSection(SolutionConfigurationPlatforms) = preSolution
		Debug|Any CPU = Debug|Any CPU
		Release|Any CPU = Release|Any CPU
	EndGlobalSection
	GlobalSection(ProjectConfigurationPlatforms) = postSolution
		{1A8633D7-AF48-4006-A3CF-EED7AC938468}.Debug|Any CPU.ActiveCfg = Debug|Any CPU
		{1A8633D7-AF48-4006-A3CF-EED7AC938468}.Debug|Any CPU.Build.0 = Debug|Any CPU
		{1A8633D7-AF48-4006-A3CF-EED7AC938468}.Release|Any CPU.ActiveCfg = Release|Any CPU
		{1A8633D7-AF48-4006-A3CF-EED7AC938468}.Release|Any CPU.Build.0 = Release|Any CPU
		{A514A9A6-6D3B-4F60-A3A3-1FBF4CFBB811}.Debug|Any CPU.ActiveCfg = Debug|Any CPU
		{A514A9A6-6D3B-4F60-A3A3-1FBF4CFBB811}.Debug|Any CPU.Build.0 = Debug|Any CPU
		{A514A9A6-6D3B-4F60-A3A3-1FBF4CFBB811}.Release|Any CPU.ActiveCfg = Release|Any CPU
		{A514A9A6-6D3B-4F60-A3A3-1FBF4CFBB811}.Release|Any CPU.Build.0 = Release|Any CPU
	EndGlobalSection
	GlobalSection(SolutionProperties) = preSolution
		HideSolutionNode = FALSE
	EndGlobalSection
EndGlobal
